
Microsoft Visual Studio Solution File, Format Version 12.00
# Visual Studio Version 17
VisualStudioVersion = 17.7.34024.191
MinimumVisualStudioVersion = 10.0.40219.1
Project("{FAE04EC0-301F-11D3-BF4B-00C04F79EFBC}") = "Blog", "Blog\Blog.csproj", "{5C1A0CF9-A55F-4AE5-AC3D-4A33522402ED}"
EndProject
Global
	GlobalSection(SolutionConfigurationPlatforms) = preSolution
		Debug|Any CPU = Debug|Any CPU
		Release|Any CPU = Release|Any CPU
	EndGlobalSection
	GlobalSection(ProjectConfigurationPlatforms) = postSolution
		{5C1A0CF9-A55F-4AE5-AC3D-4A33522402ED}.Debug|Any CPU.ActiveCfg = Debug|Any CPU
		{5C1A0CF9-A55F-4AE5-AC3D-4A33522402ED}.Debug|Any CPU.Build.0 = Debug|Any CPU
		{5C1A0CF9-A55F-4AE5-AC3D-4A33522402ED}.Release|Any CPU.ActiveCfg = Release|Any CPU
		{5C1A0CF9-A55F-4AE5-AC3D-4A33522402ED}.Release|Any CPU.Build.0 = Release|Any CPU
	EndGlobalSection
	GlobalSection(SolutionProperties) = preSolution
		HideSolutionNode = FALSE
	EndGlobalSection
	GlobalSection(ExtensibilityGlobals) = postSolution
		SolutionGuid = {5E12A6BC-561C-4692-96D2-BD1AE66EA932}
	EndGlobalSection
EndGlobal
